// !$*UTF8*$!
{
	archiveVersion = 1;
	classes = {
	};
	objectVersion = 56;
	objects = {

/* Begin PBXBuildFile section */
		DE8E9F0C2BC17FDE004BC207 /* AppDelegate.swift in Sources */ = {isa = PBXBuildFile; fileRef = DE8E9F0B2BC17FDE004BC207 /* AppDelegate.swift */; };
		DE8E9F0E2BC17FDE004BC207 /* SceneDelegate.swift in Sources */ = {isa = PBXBuildFile; fileRef = DE8E9F0D2BC17FDE004BC207 /* SceneDelegate.swift */; };
		DE8E9F102BC17FDE004BC207 /* ViewController.swift in Sources */ = {isa = PBXBuildFile; fileRef = DE8E9F0F2BC17FDE004BC207 /* ViewController.swift */; };
		DE8E9F132BC17FDE004BC207 /* Main.storyboard in Resources */ = {isa = PBXBuildFile; fileRef = DE8E9F112BC17FDE004BC207 /* Main.storyboard */; };
		DE8E9F162BC17FDE004BC207 /* KrestikiNoliki.xcdatamodeld in Sources */ = {isa = PBXBuildFile; fileRef = DE8E9F142BC17FDE004BC207 /* KrestikiNoliki.xcdatamodeld */; };
		DE8E9F182BC17FDF004BC207 /* Assets.xcassets in Resources */ = {isa = PBXBuildFile; fileRef = DE8E9F172BC17FDF004BC207 /* Assets.xcassets */; };
		DE8E9F1B2BC17FDF004BC207 /* LaunchScreen.storyboard in Resources */ = {isa = PBXBuildFile; fileRef = DE8E9F192BC17FDF004BC207 /* LaunchScreen.storyboard */; };
/* End PBXBuildFile section */

/* Begin PBXFileReference section */
		DE8E9F082BC17FDE004BC207 /* KrestikiNoliki.app */ = {isa = PBXFileReference; explicitFileType = wrapper.application; includeInIndex = 0; path = KrestikiNoliki.app; sourceTree = BUILT_PRODUCTS_DIR; };
		DE8E9F0B2BC17FDE004BC207 /* AppDelegate.swift */ = {isa = PBXFileReference; lastKnownFileType = sourcecode.swift; path = AppDelegate.swift; sourceTree = "<group>"; };
		DE8E9F0D2BC17FDE004BC207 /* SceneDelegate.swift */ = {isa = PBXFileReference; lastKnownFileType = sourcecode.swift; path = SceneDelegate.swift; sourceTree = "<group>"; };
		DE8E9F0F2BC17FDE004BC207 /* ViewController.swift */ = {isa = PBXFileReference; lastKnownFileType = sourcecode.swift; path = ViewController.swift; sourceTree = "<group>"; };
		DE8E9F122BC17FDE004BC207 /* Base */ = {isa = PBXFileReference; lastKnownFileType = file.storyboard; name = Base; path = Base.lproj/Main.storyboard; sourceTree = "<group>"; };
		DE8E9F152BC17FDE004BC207 /* KrestikiNoliki.xcdatamodel */ = {isa = PBXFileReference; lastKnownFileType = wrapper.xcdatamodel; path = KrestikiNoliki.xcdatamodel; sourceTree = "<group>"; };
		DE8E9F172BC17FDF004BC207 /* Assets.xcassets */ = {isa = PBXFileReference; lastKnownFileType = folder.assetcatalog; path = Assets.xcassets; sourceTree = "<group>"; };
		DE8E9F1A2BC17FDF004BC207 /* Base */ = {isa = PBXFileReference; lastKnownFileType = file.storyboard; name = Base; path = Base.lproj/LaunchScreen.storyboard; sourceTree = "<group>"; };
		DE8E9F1C2BC17FDF004BC207 /* Info.plist */ = {isa = PBXFileReference; lastKnownFileType = text.plist.xml; path = Info.plist; sourceTree = "<group>"; };
/* End PBXFileReference section */

/* Begin PBXFrameworksBuildPhase section */
		DE8E9F052BC17FDE004BC207 /* Frameworks */ = {
			isa = PBXFrameworksBuildPhase;
			buildActionMask = 2147483647;
			files = (
			);
			runOnlyForDeploymentPostprocessing = 0;
		};
/* End PBXFrameworksBuildPhase section */

/* Begin PBXGroup section */
		DE8E9EFF2BC17FDE004BC207 = {
			isa = PBXGroup;
			children = (
				DE8E9F0A2BC17FDE004BC207 /* KrestikiNoliki */,
				DE8E9F092BC17FDE004BC207 /* Products */,
			);
			sourceTree = "<group>";
		};
		DE8E9F092BC17FDE004BC207 /* Products */ = {
			isa = PBXGroup;
			children = (
				DE8E9F082BC17FDE004BC207 /* KrestikiNoliki.app */,
			);
			name = Products;
			sourceTree = "<group>";
		};
		DE8E9F0A2BC17FDE004BC207 /* KrestikiNoliki */ = {
			isa = PBXGroup;
			children = (
				DE8E9F0B2BC17FDE004BC207 /* AppDelegate.swift */,
				DE8E9F0D2BC17FDE004BC207 /* SceneDelegate.swift */,
				DE8E9F0F2BC17FDE004BC207 /* ViewController.swift */,
				DE8E9F112BC17FDE004BC207 /* Main.storyboard */,
				DE8E9F172BC17FDF004BC207 /* Assets.xcassets */,
				DE8E9F192BC17FDF004BC207 /* LaunchScreen.storyboard */,
				DE8E9F1C2BC17FDF004BC207 /* Info.plist */,
				DE8E9F142BC17FDE004BC207 /* KrestikiNoliki.xcdatamodeld */,
			);
			path = KrestikiNoliki;
			sourceTree = "<group>";
		};
/* End PBXGroup section */

/* Begin PBXNativeTarget section */
		DE8E9F072BC17FDE004BC207 /* KrestikiNoliki */ = {
			isa = PBXNativeTarget;
			buildConfigurationList = DE8E9F1F2BC17FDF004BC207 /* Build configuration list for PBXNativeTarget "KrestikiNoliki" */;
			buildPhases = (
				DE8E9F042BC17FDE004BC207 /* Sources */,
				DE8E9F052BC17FDE004BC207 /* Frameworks */,
				DE8E9F062BC17FDE004BC207 /* Resources */,
			);
			buildRules = (
			);
			dependencies = (
			);
			name = KrestikiNoliki;
			productName = KrestikiNoliki;
			productReference = DE8E9F082BC17FDE004BC207 /* KrestikiNoliki.app */;
			productType = "com.apple.product-type.application";
		};
/* End PBXNativeTarget section */

/* Begin PBXProject section */
		DE8E9F002BC17FDE004BC207 /* Project object */ = {
			isa = PBXProject;
			attributes = {
				BuildIndependentTargetsInParallel = 1;
				LastSwiftUpdateCheck = 1500;
				LastUpgradeCheck = 1500;
				TargetAttributes = {
					DE8E9F072BC17FDE004BC207 = {
						CreatedOnToolsVersion = 15.0;
					};
				};
			};
			buildConfigurationList = DE8E9F032BC17FDE004BC207 /* Build configuration list for PBXProject "KrestikiNoliki" */;
			compatibilityVersion = "Xcode 14.0";
			developmentRegion = en;
			hasScannedForEncodings = 0;
			knownRegions = (
				en,
				Base,
			);
			mainGroup = DE8E9EFF2BC17FDE004BC207;
			productRefGroup = DE8E9F092BC17FDE004BC207 /* Products */;
			projectDirPath = "";
			projectRoot = "";
			targets = (
				DE8E9F072BC17FDE004BC207 /* KrestikiNoliki */,
			);
		};
/* End PBXProject section */

/* Begin PBXResourcesBuildPhase section */
		DE8E9F062BC17FDE004BC207 /* Resources */ = {
			isa = PBXResourcesBuildPhase;
			buildActionMask = 2147483647;
			files = (
				DE8E9F1B2BC17FDF004BC207 /* LaunchScreen.storyboard in Resources */,
				DE8E9F182BC17FDF004BC207 /* Assets.xcassets in Resources */,
				DE8E9F132BC17FDE004BC207 /* Main.storyboard in Resources */,
			);
			runOnlyForDeploymentPostprocessing = 0;
		};
/* End PBXResourcesBuildPhase section */

/* Begin PBXSourcesBuildPhase section */
		DE8E9F042BC17FDE004BC207 /* Sources */ = {
			isa = PBXSourcesBuildPhase;
			buildActionMask = 2147483647;
			files = (
				DE8E9F102BC17FDE004BC207 /* ViewController.swift in Sources */,
				DE8E9F0C2BC17FDE004BC207 /* AppDelegate.swift in Sources */,
				DE8E9F0E2BC17FDE004BC207 /* SceneDelegate.swift in Sources */,
				DE8E9F162BC17FDE004BC207 /* KrestikiNoliki.xcdatamodeld in Sources */,
			);
			runOnlyForDeploymentPostprocessing = 0;
		};
/* End PBXSourcesBuildPhase section */

/* Begin PBXVariantGroup section */
		DE8E9F112BC17FDE004BC207 /* Main.storyboard */ = {
			isa = PBXVariantGroup;
			children = (
				DE8E9F122BC17FDE004BC207 /* Base */,
			);
			name = Main.storyboard;
			sourceTree = "<group>";
		};
		DE8E9F192BC17FDF004BC207 /* LaunchScreen.storyboard */ = {
			isa = PBXVariantGroup;
			children = (
				DE8E9F1A2BC17FDF004BC207 /* Base */,
			);
			name = LaunchScreen.storyboard;
			sourceTree = "<group>";
		};
/* End PBXVariantGroup section */

/* Begin XCBuildConfiguration section */
		DE8E9F1D2BC17FDF004BC207 /* Debug */ = {
			isa = XCBuildConfiguration;
			buildSettings = {
				ALWAYS_SEARCH_USER_PATHS = NO;
				ASSETCATALOG_COMPILER_GENERATE_SWIFT_ASSET_SYMBOL_EXTENSIONS = YES;
				CLANG_ANALYZER_NONNULL = YES;
				CLANG_ANALYZER_NUMBER_OBJECT_CONVERSION = YES_AGGRESSIVE;
				CLANG_CXX_LANGUAGE_STANDARD = "gnu++20";
				CLANG_ENABLE_MODULES = YES;
				CLANG_ENABLE_OBJC_ARC = YES;
				CLANG_ENABLE_OBJC_WEAK = YES;
				CLANG_WARN_BLOCK_CAPTURE_AUTORELEASING = YES;
				CLANG_WARN_BOOL_CONVERSION = YES;
				CLANG_WARN_COMMA = YES;
				CLANG_WARN_CONSTANT_CONVERSION = YES;
				CLANG_WARN_DEPRECATED_OBJC_IMPLEMENTATIONS = YES;
				CLANG_WARN_DIRECT_OBJC_ISA_USAGE = YES_ERROR;
				CLANG_WARN_DOCUMENTATION_COMMENTS = YES;
				CLANG_WARN_EMPTY_BODY = YES;
				CLANG_WARN_ENUM_CONVERSION = YES;
				CLANG_WARN_INFINITE_RECURSION = YES;
				CLANG_WARN_INT_CONVERSION = YES;
				CLANG_WARN_NON_LITERAL_NULL_CONVERSION = YES;
				CLANG_WARN_OBJC_IMPLICIT_RETAIN_SELF = YES;
				CLANG_WARN_OBJC_LITERAL_CONVERSION = YES;
				CLANG_WARN_OBJC_ROOT_CLASS = YES_ERROR;
				CLANG_WARN_QUOTED_INCLUDE_IN_FRAMEWORK_HEADER = YES;
				CLANG_WARN_RANGE_LOOP_ANALYSIS = YES;
				CLANG_WARN_STRICT_PROTOTYPES = YES;
				CLANG_WARN_SUSPICIOUS_MOVE = YES;
				CLANG_WARN_UNGUARDED_AVAILABILITY = YES_AGGRESSIVE;
				CLANG_WARN_UNREACHABLE_CODE = YES;
				CLANG_WARN__DUPLICATE_METHOD_MATCH = YES;
				COPY_PHASE_STRIP = NO;
				DEBUG_INFORMATION_FORMAT = dwarf;
				ENABLE_STRICT_OBJC_MSGSEND = YES;
				ENABLE_TESTABILITY = YES;
				ENABLE_USER_SCRIPT_SANDBOXING = YES;
				GCC_C_LANGUAGE_STANDARD = gnu17;
				GCC_DYNAMIC_NO_PIC = NO;
				GCC_NO_COMMON_BLOCKS = YES;
				GCC_OPTIMIZATION_LEVEL = 0;
				GCC_PREPROCESSOR_DEFINITIONS = (
					"DEBUG=1",
					"$(inherited)",
				);
				GCC_WARN_64_TO_32_BIT_CONVERSION = YES;
				GCC_WARN_ABOUT_RETURN_TYPE = YES_ERROR;
				GCC_WARN_UNDECLARED_SELECTOR = YES;
				GCC_WARN_UNINITIALIZED_AUTOS = YES_AGGRESSIVE;
				GCC_WARN_UNUSED_FUNCTION = YES;
				GCC_WARN_UNUSED_VARIABLE = YES;
				IPHONEOS_DEPLOYMENT_TARGET = 17.0;
				LOCALIZATION_PREFERS_STRING_CATALOGS = YES;
				MTL_ENABLE_DEBUG_INFO = INCLUDE_SOURCE;
				MTL_FAST_MATH = YES;
				ONLY_ACTIVE_ARCH = YES;
				SDKROOT = iphoneos;
				SWIFT_ACTIVE_COMPILATION_CONDITIONS = "DEBUG $(inherited)";
				SWIFT_OPTIMIZATION_LEVEL = "-Onone";
			};
			name = Debug;
		};
		DE8E9F1E2BC17FDF004BC207 /* Release */ = {
			isa = XCBuildConfiguration;
			buildSettings = {
				ALWAYS_SEARCH_USER_PATHS = NO;
				ASSETCATALOG_COMPILER_GENERATE_SWIFT_ASSET_SYMBOL_EXTENSIONS = YES;
				CLANG_ANALYZER_NONNULL = YES;
				CLANG_ANALYZER_NUMBER_OBJECT_CONVERSION = YES_AGGRESSIVE;
				CLANG_CXX_LANGUAGE_STANDARD = "gnu++20";
				CLANG_ENABLE_MODULES = YES;
				CLANG_ENABLE_OBJC_ARC = YES;
				CLANG_ENABLE_OBJC_WEAK = YES;
				CLANG_WARN_BLOCK_CAPTURE_AUTORELEASING = YES;
				CLANG_WARN_BOOL_CONVERSION = YES;
				CLANG_WARN_COMMA = YES;
				CLANG_WARN_CONSTANT_CONVERSION = YES;
				CLANG_WARN_DEPRECATED_OBJC_IMPLEMENTATIONS = YES;
				CLANG_WARN_DIRECT_OBJC_ISA_USAGE = YES_ERROR;
				CLANG_WARN_DOCUMENTATION_COMMENTS = YES;
				CLANG_WARN_EMPTY_BODY = YES;
				CLANG_WARN_ENUM_CONVERSION = YES;
				CLANG_WARN_INFINITE_RECURSION = YES;
				CLANG_WARN_INT_CONVERSION = YES;
				CLANG_WARN_NON_LITERAL_NULL_CONVERSION = YES;
				CLANG_WARN_OBJC_IMPLICIT_RETAIN_SELF = YES;
				CLANG_WARN_OBJC_LITERAL_CONVERSION = YES;
				CLANG_WARN_OBJC_ROOT_CLASS = YES_ERROR;
				CLANG_WARN_QUOTED_INCLUDE_IN_FRAMEWORK_HEADER = YES;
				CLANG_WARN_RANGE_LOOP_ANALYSIS = YES;
				CLANG_WARN_STRICT_PROTOTYPES = YES;
				CLANG_WARN_SUSPICIOUS_MOVE = YES;
				CLANG_WARN_UNGUARDED_AVAILABILITY = YES_AGGRESSIVE;
				CLANG_WARN_UNREACHABLE_CODE = YES;
				CLANG_WARN__DUPLICATE_METHOD_MATCH = YES;
				COPY_PHASE_STRIP = NO;
				DEBUG_INFORMATION_FORMAT = "dwarf-with-dsym";
				ENABLE_NS_ASSERTIONS = NO;
				ENABLE_STRICT_OBJC_MSGSEND = YES;
				ENABLE_USER_SCRIPT_SANDBOXING = YES;
				GCC_C_LANGUAGE_STANDARD = gnu17;
				GCC_NO_COMMON_BLOCKS = YES;
				GCC_WARN_64_TO_32_BIT_CONVERSION = YES;
				GCC_WARN_ABOUT_RETURN_TYPE = YES_ERROR;
				GCC_WARN_UNDECLARED_SELECTOR = YES;
				GCC_WARN_UNINITIALIZED_AUTOS = YES_AGGRESSIVE;
				GCC_WARN_UNUSED_FUNCTION = YES;
				GCC_WARN_UNUSED_VARIABLE = YES;
				IPHONEOS_DEPLOYMENT_TARGET = 17.0;
				LOCALIZATION_PREFERS_STRING_CATALOGS = YES;
				MTL_ENABLE_DEBUG_INFO = NO;
				MTL_FAST_MATH = YES;
				SDKROOT = iphoneos;
				SWIFT_COMPILATION_MODE = wholemodule;
				VALIDATE_PRODUCT = YES;
			};
			name = Release;
		};
		DE8E9F202BC17FDF004BC207 /* Debug */ = {
			isa = XCBuildConfiguration;
			buildSettings = {
				ASSETCATALOG_COMPILER_APPICON_NAME = AppIcon;
				ASSETCATALOG_COMPILER_GLOBAL_ACCENT_COLOR_NAME = AccentColor;
				CODE_SIGN_STYLE = Automatic;
				CURRENT_PROJECT_VERSION = 1;
				GENERATE_INFOPLIST_FILE = YES;
				INFOPLIST_FILE = KrestikiNoliki/Info.plist;
				INFOPLIST_KEY_UIApplicationSupportsIndirectInputEvents = YES;
				INFOPLIST_KEY_UILaunchStoryboardName = LaunchScreen;
				INFOPLIST_KEY_UIMainStoryboardFile = Main;
				INFOPLIST_KEY_UISupportedInterfaceOrientations_iPad = "UIInterfaceOrientationPortrait UIInterfaceOrientationPortraitUpsideDown UIInterfaceOrientationLandscapeLeft UIInterfaceOrientationLandscapeRight";
				INFOPLIST_KEY_UISupportedInterfaceOrientations_iPhone = "UIInterfaceOrientationPortrait UIInterfaceOrientationLandscapeLeft UIInterfaceOrientationLandscapeRight";
				LD_RUNPATH_SEARCH_PATHS = (
					"$(inherited)",
					"@executable_path/Frameworks",
				);
				MARKETING_VERSION = 1.0;
				PRODUCT_BUNDLE_IDENTIFIER = medeu.com.KrestikiNoliki;
				PRODUCT_NAME = "$(TARGET_NAME)";
				SWIFT_EMIT_LOC_STRINGS = YES;
				SWIFT_VERSION = 5.0;
				TARGETED_DEVICE_FAMILY = "1,2";
			};
			name = Debug;
		};
		DE8E9F212BC17FDF004BC207 /* Release */ = {
			isa = XCBuildConfiguration;
			buildSettings = {
				ASSETCATALOG_COMPILER_APPICON_NAME = AppIcon;
				ASSETCATALOG_COMPILER_GLOBAL_ACCENT_COLOR_NAME = AccentColor;
				CODE_SIGN_STYLE = Automatic;
				CURRENT_PROJECT_VERSION = 1;
				GENERATE_INFOPLIST_FILE = YES;
				INFOPLIST_FILE = KrestikiNoliki/Info.plist;
				INFOPLIST_KEY_UIApplicationSupportsIndirectInputEvents = YES;
				INFOPLIST_KEY_UILaunchStoryboardName = LaunchScreen;
				INFOPLIST_KEY_UIMainStoryboardFile = Main;
				INFOPLIST_KEY_UISupportedInterfaceOrientations_iPad = "UIInterfaceOrientationPortrait UIInterfaceOrientationPortraitUpsideDown UIInterfaceOrientationLandscapeLeft UIInterfaceOrientationLandscapeRight";
				INFOPLIST_KEY_UISupportedInterfaceOrientations_iPhone = "UIInterfaceOrientationPortrait UIInterfaceOrientationLandscapeLeft UIInterfaceOrientationLandscapeRight";
				LD_RUNPATH_SEARCH_PATHS = (
					"$(inherited)",
					"@executable_path/Frameworks",
				);
				MARKETING_VERSION = 1.0;
				PRODUCT_BUNDLE_IDENTIFIER = medeu.com.KrestikiNoliki;
				PRODUCT_NAME = "$(TARGET_NAME)";
				SWIFT_EMIT_LOC_STRINGS = YES;
				SWIFT_VERSION = 5.0;
				TARGETED_DEVICE_FAMILY = "1,2";
			};
			name = Release;
		};
/* End XCBuildConfiguration section */

/* Begin XCConfigurationList section */
		DE8E9F032BC17FDE004BC207 /* Build configuration list for PBXProject "KrestikiNoliki" */ = {
			isa = XCConfigurationList;
			buildConfigurations = (
				DE8E9F1D2BC17FDF004BC207 /* Debug */,
				DE8E9F1E2BC17FDF004BC207 /* Release */,
			);
			defaultConfigurationIsVisible = 0;
			defaultConfigurationName = Release;
		};
		DE8E9F1F2BC17FDF004BC207 /* Build configuration list for PBXNativeTarget "KrestikiNoliki" */ = {
			isa = XCConfigurationList;
			buildConfigurations = (
				DE8E9F202BC17FDF004BC207 /* Debug */,
				DE8E9F212BC17FDF004BC207 /* Release */,
			);
			defaultConfigurationIsVisible = 0;
			defaultConfigurationName = Release;
		};
/* End XCConfigurationList section */

/* Begin XCVersionGroup section */
		DE8E9F142BC17FDE004BC207 /* KrestikiNoliki.xcdatamodeld */ = {
			isa = XCVersionGroup;
			children = (
				DE8E9F152BC17FDE004BC207 /* KrestikiNoliki.xcdatamodel */,
			);
			currentVersion = DE8E9F152BC17FDE004BC207 /* KrestikiNoliki.xcdatamodel */;
			path = KrestikiNoliki.xcdatamodeld;
			sourceTree = "<group>";
			versionGroupType = wrapper.xcdatamodel;
		};
/* End XCVersionGroup section */
	};
	rootObject = DE8E9F002BC17FDE004BC207 /* Project object */;
}
